
Microsoft Visual Studio Solution File, Format Version 12.00
# Visual Studio Version 16
VisualStudioVersion = 25.0.1706.14
MinimumVisualStudioVersion = 10.0.40219.1
Project("{FAE04EC0-301F-11D3-BF4B-00C04F79EFBC}") = "Week5LogicalOperators", "Week5LogicalOperators\Week5LogicalOperators.csproj", "{C38DCFF6-AA75-4289-9747-66D63C515B1A}"
EndProject
Project("{FAE04EC0-301F-11D3-BF4B-00C04F79EFBC}") = "ANDOperator", "ANDOperator\ANDOperator.csproj", "{76B5C9A1-F9C3-434D-9935-B6034DFCAB7C}"
EndProject
Project("{FAE04EC0-301F-11D3-BF4B-00C04F79EFBC}") = "OROperator", "OROperator\OROperator.csproj", "{034B7D85-7A2A-4C58-A2BF-220320447897}"
EndProject
Project("{FAE04EC0-301F-11D3-BF4B-00C04F79EFBC}") = "ANDRanges", "ANDRanges\ANDRanges.csproj", "{426DE022-6B4F-49AF-97EB-7CA3507AB70F}"
EndProject
Global
	GlobalSection(SolutionConfigurationPlatforms) = preSolution
		Debug|Any CPU = Debug|Any CPU
		Release|Any CPU = Release|Any CPU
	EndGlobalSection
	GlobalSection(ProjectConfigurationPlatforms) = postSolution
		{C38DCFF6-AA75-4289-9747-66D63C515B1A}.Debug|Any CPU.ActiveCfg = Debug|Any CPU
		{C38DCFF6-AA75-4289-9747-66D63C515B1A}.Debug|Any CPU.Build.0 = Debug|Any CPU
		{C38DCFF6-AA75-4289-9747-66D63C515B1A}.Release|Any CPU.ActiveCfg = Release|Any CPU
		{C38DCFF6-AA75-4289-9747-66D63C515B1A}.Release|Any CPU.Build.0 = Release|Any CPU
		{76B5C9A1-F9C3-434D-9935-B6034DFCAB7C}.Debug|Any CPU.ActiveCfg = Debug|Any CPU
		{76B5C9A1-F9C3-434D-9935-B6034DFCAB7C}.Debug|Any CPU.Build.0 = Debug|Any CPU
		{76B5C9A1-F9C3-434D-9935-B6034DFCAB7C}.Release|Any CPU.ActiveCfg = Release|Any CPU
		{76B5C9A1-F9C3-434D-9935-B6034DFCAB7C}.Release|Any CPU.Build.0 = Release|Any CPU
		{034B7D85-7A2A-4C58-A2BF-220320447897}.Debug|Any CPU.ActiveCfg = Debug|Any CPU
		{034B7D85-7A2A-4C58-A2BF-220320447897}.Debug|Any CPU.Build.0 = Debug|Any CPU
		{034B7D85-7A2A-4C58-A2BF-220320447897}.Release|Any CPU.ActiveCfg = Release|Any CPU
		{034B7D85-7A2A-4C58-A2BF-220320447897}.Release|Any CPU.Build.0 = Release|Any CPU
		{426DE022-6B4F-49AF-97EB-7CA3507AB70F}.Debug|Any CPU.ActiveCfg = Debug|Any CPU
		{426DE022-6B4F-49AF-97EB-7CA3507AB70F}.Debug|Any CPU.Build.0 = Debug|Any CPU
		{426DE022-6B4F-49AF-97EB-7CA3507AB70F}.Release|Any CPU.ActiveCfg = Release|Any CPU
		{426DE022-6B4F-49AF-97EB-7CA3507AB70F}.Release|Any CPU.Build.0 = Release|Any CPU
	EndGlobalSection
	GlobalSection(SolutionProperties) = preSolution
		HideSolutionNode = FALSE
	EndGlobalSection
	GlobalSection(ExtensibilityGlobals) = postSolution
		SolutionGuid = {6273FB25-0DC1-4D62-926D-124B2F1D4D6B}
	EndGlobalSection
EndGlobal
